# This file is automatically @generated by Poetry and should not be changed by hand.

[[package]]
name = "arrow"
version = "1.2.3"
description = "Better dates & times for Python"
category = "main"
optional = false
python-versions = ">=3.6"
files = [
    {file = "arrow-1.2.3-py3-none-any.whl", hash = "sha256:5a49ab92e3b7b71d96cd6bfcc4df14efefc9dfa96ea19045815914a6ab6b1fe2"},
    {file = "arrow-1.2.3.tar.gz", hash = "sha256:3934b30ca1b9f292376d9db15b19446088d12ec58629bc3f0da28fd55fb633a1"},
]

[package.dependencies]
python-dateutil = ">=2.7.0"

[[package]]
name = "click"
version = "8.1.6"
description = "Composable command line interface toolkit"
category = "main"
optional = false
python-versions = ">=3.7"
files = [
    {file = "click-8.1.6-py3-none-any.whl", hash = "sha256:fa244bb30b3b5ee2cae3da8f55c9e5e0c0e86093306301fb418eb9dc40fbded5"},
    {file = "click-8.1.6.tar.gz", hash = "sha256:48ee849951919527a045bfe3bf7baa8a959c423134e1a5b98c05c20ba75a1cbd"},
]

[package.dependencies]
colorama = {version = "*", markers = "platform_system == \"Windows\""}

[[package]]
name = "colorama"
version = "0.4.6"
description = "Cross-platform colored terminal text."
category = "main"
optional = false
python-versions = "!=3.0.*,!=3.1.*,!=3.2.*,!=3.3.*,!=3.4.*,!=3.5.*,!=3.6.*,>=2.7"
files = [
    {file = "colorama-0.4.6-py2.py3-none-any.whl", hash = "sha256:4f1d9991f5acc0ca119f9d443620b77f9d6b33703e51011c16baf57afb285fc6"},
    {file = "colorama-0.4.6.tar.gz", hash = "sha256:08695f5cb7ed6e0531a20572697297273c47b8cae5a63ffc6d6ed5c201be6e44"},
]

[[package]]
name = "iniconfig"
version = "2.0.0"
description = "brain-dead simple config-ini parsing"
category = "dev"
optional = false
python-versions = ">=3.7"
files = [
    {file = "iniconfig-2.0.0-py3-none-any.whl", hash = "sha256:b6a85871a79d2e3b22d2d1b94ac2824226a63c6b741c88f7ae975f18b6778374"},
    {file = "iniconfig-2.0.0.tar.gz", hash = "sha256:2d91e135bf72d31a410b17c16da610a82cb55f6b0477d1a902134b24a455b8b3"},
]

[[package]]
name = "iota-sdk"
version = "1.0.0"
description = "Python bindings for the IOTA SDK library"
category = "main"
optional = false
python-versions = "*"
files = [
    {file = "iota_sdk-1.0.0-cp310-cp310-macosx_10_14_x86_64.whl", hash = "sha256:d662507e0c8d29c9dc6d2d7c6d4a22e31eb76484a6489697495495d3002ca2ad"},
    {file = "iota_sdk-1.0.0-cp310-cp310-macosx_11_0_arm64.whl", hash = "sha256:015fed39c937d14a3178edb800b136f797bdffcb8baa9936adc5e5ba7428a503"},
    {file = "iota_sdk-1.0.0-cp310-cp310-manylinux_2_35_x86_64.whl", hash = "sha256:73ade489c8bf1ff5b28a8c184058a481e7947b3fa5cba6c7b79b108c2dee620a"},
    {file = "iota_sdk-1.0.0-cp310-none-win_amd64.whl", hash = "sha256:f7fd27f1227cd0db506caf909e1832ef46ed4f935087beaaa055cf8b4d22a09c"},
    {file = "iota_sdk-1.0.0-cp311-cp311-macosx_10_14_x86_64.whl", hash = "sha256:7c5e70185e107acd78af0565dc1f13bb407690567cd122c96337714370354563"},
    {file = "iota_sdk-1.0.0-cp311-cp311-macosx_11_0_arm64.whl", hash = "sha256:1745c5b87c55ae412ec4f6ff2014b8a6dceb66bc337d433a4e8df032ad6b8b10"},
    {file = "iota_sdk-1.0.0-cp311-cp311-manylinux_2_35_x86_64.whl", hash = "sha256:d692960fed9e1743f443d6323eedbe7ebb6b411cbb170a30aeaf80127f353ed1"},
    {file = "iota_sdk-1.0.0-cp311-none-win_amd64.whl", hash = "sha256:3fd7857231a88e620065b11c9f99d98c6e89baea24bee74419b82e92e566940e"},
    {file = "iota_sdk-1.0.0-cp38-cp38-macosx_10_14_x86_64.whl", hash = "sha256:05c74fff438b72113a8a16286ba284c13603c0845976d99b0f8844c55cc5aaff"},
    {file = "iota_sdk-1.0.0-cp38-cp38-macosx_11_0_arm64.whl", hash = "sha256:e726b9b59107aa47f62ea43aa9ad9c64ccf9ac9304957a5c51321a0f31a71f4e"},
    {file = "iota_sdk-1.0.0-cp38-cp38-manylinux_2_35_x86_64.whl", hash = "sha256:27e8d7d07b281263271a5c0243039a7ad2ab72a41ab07834534d2cec5cfa61ca"},
    {file = "iota_sdk-1.0.0-cp38-none-win_amd64.whl", hash = "sha256:5f23e672ac3ae96988d7b8cb8bb6a7cf2c85a8ef240fefb245ae1e69d66bb1ec"},
    {file = "iota_sdk-1.0.0-cp39-cp39-macosx_10_14_x86_64.whl", hash = "sha256:928de8c4c84154f26b80ff8618a85ecf0ee75fe3b05ec1ced52c4e61bee28a6f"},
    {file = "iota_sdk-1.0.0-cp39-cp39-macosx_11_0_arm64.whl", hash = "sha256:892fe163409e32802ce4cbabcf8d6aa2d4d895ecce6cc71c747e157d27fd3663"},
    {file = "iota_sdk-1.0.0-cp39-cp39-manylinux_2_35_x86_64.whl", hash = "sha256:f9a93d889ce6608af9479a6efb5ca977a965e10c0874ceae8d812d81c614afec"},
    {file = "iota_sdk-1.0.0-cp39-none-win_amd64.whl", hash = "sha256:72dceff4add84425effe76859b673e6afc0e000ce73888290205e9e165250f17"},
]

[[package]]
name = "packaging"
version = "23.1"
description = "Core utilities for Python packages"
category = "dev"
optional = false
python-versions = ">=3.7"
files = [
    {file = "packaging-23.1-py3-none-any.whl", hash = "sha256:994793af429502c4ea2ebf6bf664629d07c1a9fe974af92966e4b8d2df7edc61"},
    {file = "packaging-23.1.tar.gz", hash = "sha256:a392980d2b6cffa644431898be54b0045151319d1e7ec34f0cfed48767dd334f"},
]

[[package]]
name = "pluggy"
version = "1.2.0"
description = "plugin and hook calling mechanisms for python"
category = "dev"
optional = false
python-versions = ">=3.7"
files = [
    {file = "pluggy-1.2.0-py3-none-any.whl", hash = "sha256:c2fd55a7d7a3863cba1a013e4e2414658b1d07b6bc57b3919e0c63c9abb99849"},
    {file = "pluggy-1.2.0.tar.gz", hash = "sha256:d12f0c4b579b15f5e054301bb226ee85eeeba08ffec228092f8defbaa3a4c4b3"},
]

[package.extras]
dev = ["pre-commit", "tox"]
testing = ["pytest", "pytest-benchmark"]

[[package]]
name = "pytest"
version = "7.4.0"
description = "pytest: simple powerful testing with Python"
category = "dev"
optional = false
python-versions = ">=3.7"
files = [
    {file = "pytest-7.4.0-py3-none-any.whl", hash = "sha256:78bf16451a2eb8c7a2ea98e32dc119fd2aa758f1d5d66dbf0a59d69a3969df32"},
    {file = "pytest-7.4.0.tar.gz", hash = "sha256:b4bf8c45bd59934ed84001ad51e11b4ee40d40a1229d2c79f9c592b0a3f6bd8a"},
]

[package.dependencies]
colorama = {version = "*", markers = "sys_platform == \"win32\""}
iniconfig = "*"
packaging = "*"
pluggy = ">=0.12,<2.0"

[package.extras]
testing = ["argcomplete", "attrs (>=19.2.0)", "hypothesis (>=3.56)", "mock", "nose", "pygments (>=2.7.2)", "requests", "setuptools", "xmlschema"]

[[package]]
name = "python-dateutil"
version = "2.8.2"
description = "Extensions to the standard Python datetime module"
category = "main"
optional = false
python-versions = "!=3.0.*,!=3.1.*,!=3.2.*,>=2.7"
files = [
    {file = "python-dateutil-2.8.2.tar.gz", hash = "sha256:0123cacc1627ae19ddf3c27a5de5bd67ee4586fbdd6440d9748f8abb483d3e86"},
    {file = "python_dateutil-2.8.2-py2.py3-none-any.whl", hash = "sha256:961d03dc3453ebbc59dbdea9e4e11c5651520a876d0f4db161e8674aae935da9"},
]

[package.dependencies]
six = ">=1.5"

[[package]]
name = "python-dotenv"
version = "1.0.0"
description = "Read key-value pairs from a .env file and set them as environment variables"
category = "dev"
optional = false
python-versions = ">=3.8"
files = [
    {file = "python-dotenv-1.0.0.tar.gz", hash = "sha256:a8df96034aae6d2d50a4ebe8216326c61c3eb64836776504fcca410e5937a3ba"},
    {file = "python_dotenv-1.0.0-py3-none-any.whl", hash = "sha256:f5971a9226b701070a4bf2c38c89e5a3f0d64de8debda981d1db98583009122a"},
]

[package.extras]
cli = ["click (>=5.0)"]

[[package]]
name = "six"
version = "1.16.0"
description = "Python 2 and 3 compatibility utilities"
category = "main"
optional = false
python-versions = ">=2.7, !=3.0.*, !=3.1.*, !=3.2.*"
files = [
    {file = "six-1.16.0-py2.py3-none-any.whl", hash = "sha256:8abb2f1d86890a2dfb989f9a77cfcfd3e47c2a354b01111771326f8aa26e0254"},
    {file = "six-1.16.0.tar.gz", hash = "sha256:1e61c37477a1626458e36f7b1d82aa5c9b094fa4802892072e49de9c60c4c926"},
]

[metadata]
lock-version = "2.0"
python-versions = "^3.11"
content-hash = "8bb8ee2e09e29db4b87408c0b959b74e671d17c1d8f01b3f4048e9f3ab1f41d2"
